
Microsoft Visual Studio Solution File, Format Version 12.00
# Visual Studio Version 17
VisualStudioVersion = 17.9.34728.123
MinimumVisualStudioVersion = 10.0.40219.1
Project("{FAE04EC0-301F-11D3-BF4B-00C04F79EFBC}") = "ECommerceProject", "ECommerceProject\ECommerceProject.csproj", "{4656ABF7-A26E-430E-BEEE-B4D5BF903AA6}"
EndProject
Global
	GlobalSection(SolutionConfigurationPlatforms) = preSolution
		Debug|Any CPU = Debug|Any CPU
		Release|Any CPU = Release|Any CPU
	EndGlobalSection
	GlobalSection(ProjectConfigurationPlatforms) = postSolution
		{4656ABF7-A26E-430E-BEEE-B4D5BF903AA6}.Debug|Any CPU.ActiveCfg = Debug|Any CPU
		{4656ABF7-A26E-430E-BEEE-B4D5BF903AA6}.Debug|Any CPU.Build.0 = Debug|Any CPU
		{4656ABF7-A26E-430E-BEEE-B4D5BF903AA6}.Release|Any CPU.ActiveCfg = Release|Any CPU
		{4656ABF7-A26E-430E-BEEE-B4D5BF903AA6}.Release|Any CPU.Build.0 = Release|Any CPU
	EndGlobalSection
	GlobalSection(SolutionProperties) = preSolution
		HideSolutionNode = FALSE
	EndGlobalSection
	GlobalSection(ExtensibilityGlobals) = postSolution
		SolutionGuid = {8FBC4D4E-7CCA-49BF-8C6E-B35D974AD64B}
	EndGlobalSection
EndGlobal
